[[package]]
name = "lg-imgui-bundle"
version = "0.1.0"
description = ""
category = "main"
optional = false
python-versions = ">=3.6"
develop = false

[package.extras]
test = ["pytest"]

[package.source]
type = "git"
url = "https://github.com/pthom/lg_imgui_bundle.git"
reference = "main"
resolved_reference = "8d35d45ffc62b2e646927d6036befb4d761c119c"

[metadata]
lock-version = "1.1"
python-versions = "^3.9"
content-hash = "30fb13ce3a10aeac2057f96b68fada4d44c17aa83d1489d75598c7950e014f24"

[metadata.files]
lg-imgui-bundle = []
